
Microsoft Visual Studio Solution File, Format Version 12.00
# Visual Studio Version 16
VisualStudioVersion = 16.0.32228.343
MinimumVisualStudioVersion = 10.0.40219.1
Project("{FAE04EC0-301F-11D3-BF4B-00C04F79EFBC}") = "Biograf", "Biograf.csproj", "{E8F95DED-7E39-4458-9305-5B53849C4F21}"
EndProject
Project("{FAE04EC0-301F-11D3-BF4B-00C04F79EFBC}") = "BioLibrary", "..\BioLibrary\BioLibrary.csproj", "{9F5909C6-2F8C-4AFE-84A3-AC0ACDF4AAED}"
EndProject
Global
	GlobalSection(SolutionConfigurationPlatforms) = preSolution
		Debug|Any CPU = Debug|Any CPU
		Release|Any CPU = Release|Any CPU
	EndGlobalSection
	GlobalSection(ProjectConfigurationPlatforms) = postSolution
		{E8F95DED-7E39-4458-9305-5B53849C4F21}.Debug|Any CPU.ActiveCfg = Debug|Any CPU
		{E8F95DED-7E39-4458-9305-5B53849C4F21}.Debug|Any CPU.Build.0 = Debug|Any CPU
		{E8F95DED-7E39-4458-9305-5B53849C4F21}.Release|Any CPU.ActiveCfg = Release|Any CPU
		{E8F95DED-7E39-4458-9305-5B53849C4F21}.Release|Any CPU.Build.0 = Release|Any CPU
		{9F5909C6-2F8C-4AFE-84A3-AC0ACDF4AAED}.Debug|Any CPU.ActiveCfg = Debug|Any CPU
		{9F5909C6-2F8C-4AFE-84A3-AC0ACDF4AAED}.Debug|Any CPU.Build.0 = Debug|Any CPU
		{9F5909C6-2F8C-4AFE-84A3-AC0ACDF4AAED}.Release|Any CPU.ActiveCfg = Release|Any CPU
		{9F5909C6-2F8C-4AFE-84A3-AC0ACDF4AAED}.Release|Any CPU.Build.0 = Release|Any CPU
	EndGlobalSection
	GlobalSection(SolutionProperties) = preSolution
		HideSolutionNode = FALSE
	EndGlobalSection
	GlobalSection(ExtensibilityGlobals) = postSolution
		SolutionGuid = {7CB4D56E-3D8E-454D-BDCB-1FB41040FA98}
	EndGlobalSection
EndGlobal
